// !$*UTF8*$!
{
	archiveVersion = 1;
	classes = {
	};
	objectVersion = 46;
	objects = {

/* Begin PBXBuildFile section */
		27F3FB031831456700BA3439 /* Foundation.framework in Frameworks */ = {isa = PBXBuildFile; fileRef = 27F3FB021831456700BA3439 /* Foundation.framework */; };
		27F3FB061831456700BA3439 /* main.m in Sources */ = {isa = PBXBuildFile; fileRef = 27F3FB051831456700BA3439 /* main.m */; };
		27F3FB0A1831456700BA3439 /* trial.1 in CopyFiles */ = {isa = PBXBuildFile; fileRef = 27F3FB091831456700BA3439 /* trial.1 */; };
/* End PBXBuildFile section */

/* Begin PBXCopyFilesBuildPhase section */
		27F3FAFD1831456700BA3439 /* CopyFiles */ = {
			isa = PBXCopyFilesBuildPhase;
			buildActionMask = 2147483647;
			dstPath = /usr/share/man/man1/;
			dstSubfolderSpec = 0;
			files = (
				27F3FB0A1831456700BA3439 /* trial.1 in CopyFiles */,
			);
			runOnlyForDeploymentPostprocessing = 1;
		};
/* End PBXCopyFilesBuildPhase section */

/* Begin PBXFileReference section */
		27F3FAFF1831456700BA3439 /* trial */ = {isa = PBXFileReference; explicitFileType = "compiled.mach-o.executable"; includeInIndex = 0; path = trial; sourceTree = BUILT_PRODUCTS_DIR; };
		27F3FB021831456700BA3439 /* Foundation.framework */ = {isa = PBXFileReference; lastKnownFileType = wrapper.framework; name = Foundation.framework; path = System/Library/Frameworks/Foundation.framework; sourceTree = SDKROOT; };
		27F3FB051831456700BA3439 /* main.m */ = {isa = PBXFileReference; lastKnownFileType = sourcecode.c.objc; path = main.m; sourceTree = "<group>"; };
		27F3FB081831456700BA3439 /* trial-Prefix.pch */ = {isa = PBXFileReference; lastKnownFileType = sourcecode.c.h; path = "trial-Prefix.pch"; sourceTree = "<group>"; };
		27F3FB091831456700BA3439 /* trial.1 */ = {isa = PBXFileReference; lastKnownFileType = text.man; path = trial.1; sourceTree = "<group>"; };
/* End PBXFileReference section */

/* Begin PBXFrameworksBuildPhase section */
		27F3FAFC1831456700BA3439 /* Frameworks */ = {
			isa = PBXFrameworksBuildPhase;
			buildActionMask = 2147483647;
			files = (
				27F3FB031831456700BA3439 /* Foundation.framework in Frameworks */,
			);
			runOnlyForDeploymentPostprocessing = 0;
		};
/* End PBXFrameworksBuildPhase section */

/* Begin PBXGroup section */
		27F3FAF61831456700BA3439 = {
			isa = PBXGroup;
			children = (
				27F3FB041831456700BA3439 /* trial */,
				27F3FB011831456700BA3439 /* Frameworks */,
				27F3FB001831456700BA3439 /* Products */,
			);
			sourceTree = "<group>";
		};
		27F3FB001831456700BA3439 /* Products */ = {
			isa = PBXGroup;
			children = (
				27F3FAFF1831456700BA3439 /* trial */,
			);
			name = Products;
			sourceTree = "<group>";
		};
		27F3FB011831456700BA3439 /* Frameworks */ = {
			isa = PBXGroup;
			children = (
				27F3FB021831456700BA3439 /* Foundation.framework */,
			);
			name = Frameworks;
			sourceTree = "<group>";
		};
		27F3FB041831456700BA3439 /* trial */ = {
			isa = PBXGroup;
			children = (
				27F3FB051831456700BA3439 /* main.m */,
				27F3FB091831456700BA3439 /* trial.1 */,
				27F3FB071831456700BA3439 /* Supporting Files */,
			);
			path = trial;
			sourceTree = "<group>";
		};
		27F3FB071831456700BA3439 /* Supporting Files */ = {
			isa = PBXGroup;
			children = (
				27F3FB081831456700BA3439 /* trial-Prefix.pch */,
			);
			name = "Supporting Files";
			sourceTree = "<group>";
		};
/* End PBXGroup section */

/* Begin PBXNativeTarget section */
		27F3FAFE1831456700BA3439 /* trial */ = {
			isa = PBXNativeTarget;
			buildConfigurationList = 27F3FB0D1831456700BA3439 /* Build configuration list for PBXNativeTarget "trial" */;
			buildPhases = (
				27F3FAFB1831456700BA3439 /* Sources */,
				27F3FAFC1831456700BA3439 /* Frameworks */,
				27F3FAFD1831456700BA3439 /* CopyFiles */,
			);
			buildRules = (
			);
			dependencies = (
			);
			name = trial;
			productName = trial;
			productReference = 27F3FAFF1831456700BA3439 /* trial */;
			productType = "com.apple.product-type.tool";
		};
/* End PBXNativeTarget section */

/* Begin PBXProject section */
		27F3FAF71831456700BA3439 /* Project object */ = {
			isa = PBXProject;
			attributes = {
				LastUpgradeCheck = 0500;
				ORGANIZATIONNAME = "Chris Arquelada";
			};
			buildConfigurationList = 27F3FAFA1831456700BA3439 /* Build configuration list for PBXProject "trial" */;
			compatibilityVersion = "Xcode 3.2";
			developmentRegion = English;
			hasScannedForEncodings = 0;
			knownRegions = (
				en,
			);
			mainGroup = 27F3FAF61831456700BA3439;
			productRefGroup = 27F3FB001831456700BA3439 /* Products */;
			projectDirPath = "";
			projectRoot = "";
			targets = (
				27F3FAFE1831456700BA3439 /* trial */,
			);
		};
/* End PBXProject section */

/* Begin PBXSourcesBuildPhase section */
		27F3FAFB1831456700BA3439 /* Sources */ = {
			isa = PBXSourcesBuildPhase;
			buildActionMask = 2147483647;
			files = (
				27F3FB061831456700BA3439 /* main.m in Sources */,
			);
			runOnlyForDeploymentPostprocessing = 0;
		};
/* End PBXSourcesBuildPhase section */

/* Begin XCBuildConfiguration section */
		27F3FB0B1831456700BA3439 /* Debug */ = {
			isa = XCBuildConfiguration;
			buildSettings = {
				ALWAYS_SEARCH_USER_PATHS = NO;
				CLANG_CXX_LANGUAGE_STANDARD = "gnu++0x";
				CLANG_CXX_LIBRARY = "libc++";
				CLANG_ENABLE_OBJC_ARC = YES;
				CLANG_WARN_BOOL_CONVERSION = YES;
				CLANG_WARN_CONSTANT_CONVERSION = YES;
				CLANG_WARN_DIRECT_OBJC_ISA_USAGE = YES_ERROR;
				CLANG_WARN_EMPTY_BODY = YES;
				CLANG_WARN_ENUM_CONVERSION = YES;
				CLANG_WARN_INT_CONVERSION = YES;
				CLANG_WARN_OBJC_ROOT_CLASS = YES_ERROR;
				CLANG_WARN__DUPLICATE_METHOD_MATCH = YES;
				COPY_PHASE_STRIP = NO;
				GCC_C_LANGUAGE_STANDARD = gnu99;
				GCC_DYNAMIC_NO_PIC = NO;
				GCC_ENABLE_OBJC_EXCEPTIONS = YES;
				GCC_OPTIMIZATION_LEVEL = 0;
				GCC_PREPROCESSOR_DEFINITIONS = (
					"DEBUG=1",
					"$(inherited)",
				);
				GCC_SYMBOLS_PRIVATE_EXTERN = NO;
				GCC_WARN_64_TO_32_BIT_CONVERSION = YES;
				GCC_WARN_ABOUT_RETURN_TYPE = YES_ERROR;
				GCC_WARN_UNDECLARED_SELECTOR = YES;
				GCC_WARN_UNINITIALIZED_AUTOS = YES;
				GCC_WARN_UNUSED_FUNCTION = YES;
				GCC_WARN_UNUSED_VARIABLE = YES;
				MACOSX_DEPLOYMENT_TARGET = 10.9;
				ONLY_ACTIVE_ARCH = YES;
				SDKROOT = macosx;
			};
			name = Debug;
		};
		27F3FB0C1831456700BA3439 /* Release */ = {
			isa = XCBuildConfiguration;
			buildSettings = {
				ALWAYS_SEARCH_USER_PATHS = NO;
				CLANG_CXX_LANGUAGE_STANDARD = "gnu++0x";
				CLANG_CXX_LIBRARY = "libc++";
				CLANG_ENABLE_OBJC_ARC = YES;
				CLANG_WARN_BOOL_CONVERSION = YES;
				CLANG_WARN_CONSTANT_CONVERSION = YES;
				CLANG_WARN_DIRECT_OBJC_ISA_USAGE = YES_ERROR;
				CLANG_WARN_EMPTY_BODY = YES;
				CLANG_WARN_ENUM_CONVERSION = YES;
				CLANG_WARN_INT_CONVERSION = YES;
				CLANG_WARN_OBJC_ROOT_CLASS = YES_ERROR;
				CLANG_WARN__DUPLICATE_METHOD_MATCH = YES;
				COPY_PHASE_STRIP = YES;
				DEBUG_INFORMATION_FORMAT = "dwarf-with-dsym";
				ENABLE_NS_ASSERTIONS = NO;
				GCC_C_LANGUAGE_STANDARD = gnu99;
				GCC_ENABLE_OBJC_EXCEPTIONS = YES;
				GCC_WARN_64_TO_32_BIT_CONVERSION = YES;
				GCC_WARN_ABOUT_RETURN_TYPE = YES_ERROR;
				GCC_WARN_UNDECLARED_SELECTOR = YES;
				GCC_WARN_UNINITIALIZED_AUTOS = YES;
				GCC_WARN_UNUSED_FUNCTION = YES;
				GCC_WARN_UNUSED_VARIABLE = YES;
				MACOSX_DEPLOYMENT_TARGET = 10.9;
				SDKROOT = macosx;
			};
			name = Release;
		};
		27F3FB0E1831456700BA3439 /* Debug */ = {
			isa = XCBuildConfiguration;
			buildSettings = {
				GCC_PRECOMPILE_PREFIX_HEADER = YES;
				GCC_PREFIX_HEADER = "trial/trial-Prefix.pch";
				PRODUCT_NAME = "$(TARGET_NAME)";
			};
			name = Debug;
		};
		27F3FB0F1831456700BA3439 /* Release */ = {
			isa = XCBuildConfiguration;
			buildSettings = {
				GCC_PRECOMPILE_PREFIX_HEADER = YES;
				GCC_PREFIX_HEADER = "trial/trial-Prefix.pch";
				PRODUCT_NAME = "$(TARGET_NAME)";
			};
			name = Release;
		};
/* End XCBuildConfiguration section */

/* Begin XCConfigurationList section */
		27F3FAFA1831456700BA3439 /* Build configuration list for PBXProject "trial" */ = {
			isa = XCConfigurationList;
			buildConfigurations = (
				27F3FB0B1831456700BA3439 /* Debug */,
				27F3FB0C1831456700BA3439 /* Release */,
			);
			defaultConfigurationIsVisible = 0;
			defaultConfigurationName = Release;
		};
		27F3FB0D1831456700BA3439 /* Build configuration list for PBXNativeTarget "trial" */ = {
			isa = XCConfigurationList;
			buildConfigurations = (
				27F3FB0E1831456700BA3439 /* Debug */,
				27F3FB0F1831456700BA3439 /* Release */,
			);
			defaultConfigurationIsVisible = 0;
		};
/* End XCConfigurationList section */
	};
	rootObject = 27F3FAF71831456700BA3439 /* Project object */;
}
